
Microsoft Visual Studio Solution File, Format Version 12.00
# Visual Studio 15
VisualStudioVersion = 15.0.28307.572
MinimumVisualStudioVersion = 10.0.40219.1
Project("{FAE04EC0-301F-11D3-BF4B-00C04F79EFBC}") = "SSAP_CAU", "SSAP_CAU\SSAP_CAU.csproj", "{677EAD29-624A-4A66-9B52-6B6B792212F9}"
EndProject
Global
	GlobalSection(SolutionConfigurationPlatforms) = preSolution
		Debug|Any CPU = Debug|Any CPU
		Release|Any CPU = Release|Any CPU
	EndGlobalSection
	GlobalSection(ProjectConfigurationPlatforms) = postSolution
		{677EAD29-624A-4A66-9B52-6B6B792212F9}.Debug|Any CPU.ActiveCfg = Debug|Any CPU
		{677EAD29-624A-4A66-9B52-6B6B792212F9}.Debug|Any CPU.Build.0 = Debug|Any CPU
		{677EAD29-624A-4A66-9B52-6B6B792212F9}.Release|Any CPU.ActiveCfg = Release|Any CPU
		{677EAD29-624A-4A66-9B52-6B6B792212F9}.Release|Any CPU.Build.0 = Release|Any CPU
	EndGlobalSection
	GlobalSection(SolutionProperties) = preSolution
		HideSolutionNode = FALSE
	EndGlobalSection
	GlobalSection(ExtensibilityGlobals) = postSolution
		SolutionGuid = {45C43A5A-F977-4252-94D4-AB21E41B2C5C}
	EndGlobalSection
EndGlobal
